PODS:
  - FBSnapshotTestCase (2.1.4):
    - FBSnapshotTestCase/SwiftSupport (= 2.1.4)
  - FBSnapshotTestCase/Core (2.1.4)
  - FBSnapshotTestCase/SwiftSupport (2.1.4):
    - FBSnapshotTestCase/Core
  - Nimble (7.3.1)
  - Nimble-Snapshots (6.3.0):
    - Nimble-Snapshots/Core (= 6.3.0)
  - Nimble-Snapshots/Core (6.3.0):
    - FBSnapshotTestCase (~> 2.0)
    - Nimble (~> 7.0)
  - Quick (1.2.0)
  - ViewCSS (1.0.9):
    - ViewCSS/Configs (= 1.0.9)
    - ViewCSS/Extensions (= 1.0.9)
  - ViewCSS/Configs (1.0.9)
  - ViewCSS/Extensions (1.0.9)

DEPENDENCIES:
  - FBSnapshotTestCase (~> 2.1.4)
  - Nimble (~> 7.3.1)
  - Nimble-Snapshots (~> 6.3.0)
  - Quick (~> 1.2.0)
  - ViewCSS (from `../`)

SPEC REPOS:
  https://github.com/cocoapods/specs.git:
    - FBSnapshotTestCase
    - Nimble
    - Nimble-Snapshots
    - Quick

EXTERNAL SOURCES:
  ViewCSS:
    :path: "../"

SPEC CHECKSUMS:
  FBSnapshotTestCase: 094f9f314decbabe373b87cc339bea235a63e07a
  Nimble: 04f732da099ea4d153122aec8c2a88fd0c7219ae
  Nimble-Snapshots: f5459b5b091678dc942d03ec4741cacb58ba4a52
  Quick: 58d203b1c5e27fff7229c4c1ae445ad7069a7a08
  ViewCSS: f3d38faae87d6b9702c1754e44ed597c372a5525

PODFILE CHECKSUM: ea24e7e028afd73be1a43bc40b85e66d19f67e13

COCOAPODS: 1.5.3
